{
  "originHash" : "0e1bfb47c26caa9701a8e15533eec2514d10fcc9f4d33dcca782a474bdd4b148",
  "pins" : [
    {
      "identity" : "alamofire",
      "kind" : "remoteSourceControl",
      "location" : "https://github.com/Alamofire/Alamofire",
      "state" : {
        "revision" : "7595cbcf59809f9977c5f6378500de2ad73b7ddb",
        "version" : "5.12.0"
      }
    },
    {
      "identity" : "newrelic-ios-agent-spm",
      "kind" : "remoteSourceControl",
      "location" : "https://github.com/newrelic/newrelic-ios-agent-spm",
      "state" : {
        "revision" : "5274c522ef97d791d79a02d2eb8ae954364bc2a1",
        "version" : "7.7.2"
      }
    }
  ],
  "version" : 3
}
